
Microsoft Visual Studio Solution File, Format Version 12.00
# Visual Studio Version 17
VisualStudioVersion = 17.11.35431.28
MinimumVisualStudioVersion = 10.0.40219.1
Project("{9A19103F-16F7-4668-BE54-9A1E7A4F7556}") = "Traineeship - 2025", "Traineeship - 2025\Traineeship - 2025.csproj", "{FFAEA863-B819-435C-8114-27EEAFF3C802}"
EndProject
Project("{9A19103F-16F7-4668-BE54-9A1E7A4F7556}") = "29.12.2024 - remove duplicate words", "29.12.2024 - remove duplicate words\29.12.2024 - remove duplicate words.csproj", "{84B1120B-7146-4F94-9F5C-775D1ABDD33A}"
EndProject
Project("{9A19103F-16F7-4668-BE54-9A1E7A4F7556}") = "28.01.2025 - calc", "28.01.2025 - calc\28.01.2025 - calc.csproj", "{4E3C2ED5-8BF7-4BED-AE9D-2C96A6C19AFF}"
EndProject
Project("{9A19103F-16F7-4668-BE54-9A1E7A4F7556}") = "29.01.2025 - hometask", "29.01.2025 - hometask\29.01.2025 - hometask.csproj", "{537F6D89-63A3-47D4-9F46-FD46FA6AA06E}"
EndProject
Project("{9A19103F-16F7-4668-BE54-9A1E7A4F7556}") = "29.01.2025 - hometask - 2", "29.01.2025 - hometask - 2\29.01.2025 - hometask - 2.csproj", "{59054031-F3AA-47D4-BA24-FBD8CB87E011}"
EndProject
Project("{9A19103F-16F7-4668-BE54-9A1E7A4F7556}") = "29.01.2025 - hometask - 3", "29.01.2025 - hometask - 3\29.01.2025 - hometask - 3.csproj", "{2F55AA96-C863-4081-854C-B5D67EFAE7F8}"
EndProject
Project("{9A19103F-16F7-4668-BE54-9A1E7A4F7556}") = "29.01.2025 - hometask - 4", "29.01.2025 - hometask - 4\29.01.2025 - hometask - 4.csproj", "{0536E199-C627-478B-AB69-F8F3B96694EA}"
EndProject
Project("{FAE04EC0-301F-11D3-BF4B-00C04F79EFBC}") = "29.01.2025 - 381- flint problem", "29.01.2025 - 381- flint problem\29.01.2025 - 381- flint problem.csproj", "{171F0F02-09C0-4773-92EA-3EF238985B09}"
EndProject
Project("{FAE04EC0-301F-11D3-BF4B-00C04F79EFBC}") = "31.01.2025 - 381 task 2 version", "31.01.2025 - 381 task 2 version\31.01.2025 - 381 task 2 version.csproj", "{98629839-B2BE-47A5-814D-D689A9F20EE8}"
EndProject
Project("{FAE04EC0-301F-11D3-BF4B-00C04F79EFBC}") = "03.02.2025 - 382 task", "03.02.2025 - 382 task\03.02.2025 - 382 task.csproj", "{6DDB0D0C-601C-4642-8FEE-13CD7DA28C24}"
EndProject
Project("{FAE04EC0-301F-11D3-BF4B-00C04F79EFBC}") = "04.02.2025 - 385", "04.02.2025 - 385\04.02.2025 - 385.csproj", "{BCD1C5D9-B57D-4B72-98A1-858A41951E7C}"
EndProject
Project("{FAE04EC0-301F-11D3-BF4B-00C04F79EFBC}") = "05.02.2025 - task for 385", "05.02.2025 - task for 385\05.02.2025 - task for 385.csproj", "{24BD610B-091B-431D-81F1-B04EB16385BC}"
EndProject
Project("{FAE04EC0-301F-11D3-BF4B-00C04F79EFBC}") = "neuro_task_18.02", "neuro_task_18.02\neuro_task_18.02.csproj", "{E4350C40-B4E4-4041-BE35-8533F38E263C}"
EndProject
Project("{FAE04EC0-301F-11D3-BF4B-00C04F79EFBC}") = "25.02", "25.02\25.02.csproj", "{8D251306-82F9-4729-ABE6-AE4742272518}"
EndProject
Project("{FAE04EC0-301F-11D3-BF4B-00C04F79EFBC}") = "26.02", "26.02\26.02.csproj", "{94BF8141-8B48-40C1-ACF8-849EB24C6109}"
EndProject
Project("{FAE04EC0-301F-11D3-BF4B-00C04F79EFBC}") = "26.02 - 2", "26.02 - 2\26.02 - 2.csproj", "{BE7582D7-0A91-4926-B889-A772BC65BE4F}"
EndProject
Project("{FAE04EC0-301F-11D3-BF4B-00C04F79EFBC}") = "27.02 delegate - 1", "27.02 delegate - 1\27.02 delegate - 1.csproj", "{F383CDA3-3B82-44CA-919F-EE848D2CCE2E}"
EndProject
Project("{FAE04EC0-301F-11D3-BF4B-00C04F79EFBC}") = "28.02 - 1", "28.02 - 1\28.02 - 1.csproj", "{BD103D52-CB51-4219-BB6D-8AC6270533BE}"
EndProject
Project("{FAE04EC0-301F-11D3-BF4B-00C04F79EFBC}") = "28.02 - delegate - 2", "28.02 - delegate - 2\28.02 - delegate - 2.csproj", "{EAC07A9E-93A3-44EF-B1B1-83027942EA84}"
EndProject
Project("{FAE04EC0-301F-11D3-BF4B-00C04F79EFBC}") = "01.03 _arrays_lists_1", "01.03 _arrays_lists_1\01.03 _arrays_lists_1.csproj", "{26DF34FF-00CF-4361-A304-1AE1C247D93B}"
EndProject
Project("{FAE04EC0-301F-11D3-BF4B-00C04F79EFBC}") = "01.03 _arrays_lists_2", "01.03 _arrays_lists_2\01.03 _arrays_lists_2.csproj", "{FF668C99-BE2F-4B05-8B0C-DCED91C2F391}"
EndProject
Project("{FAE04EC0-301F-11D3-BF4B-00C04F79EFBC}") = "01.03 _arrays_lists_3", "01.03 _arrays_lists_3\01.03 _arrays_lists_3.csproj", "{241D9CC8-7BF6-4B93-91CC-EF1D3C8C4F8F}"
EndProject
Project("{FAE04EC0-301F-11D3-BF4B-00C04F79EFBC}") = "01.03 _arrays_lists_4", "01.03 _arrays_lists_4\01.03 _arrays_lists_4.csproj", "{DB01A4B9-FA64-4BEC-ACEB-C931F5ACBF4E}"
EndProject
Project("{FAE04EC0-301F-11D3-BF4B-00C04F79EFBC}") = "01.03 _arrays_lists_5", "01.03 _arrays_lists_5\01.03 _arrays_lists_5.csproj", "{C85FD58D-7893-478E-808E-3118B6C50CA2}"
EndProject
Project("{FAE04EC0-301F-11D3-BF4B-00C04F79EFBC}") = "01.03 _arrays_lists_6", "01.03 _arrays_lists_6\01.03 _arrays_lists_6.csproj", "{CC03CDC2-FE43-468F-B3E6-3D6285839E8D}"
EndProject
Project("{FAE04EC0-301F-11D3-BF4B-00C04F79EFBC}") = "02.03 _arrays_lists_7", "02.03 _arrays_lists_7\02.03 _arrays_lists_7.csproj", "{5BAE7C1E-EB4D-42B7-A410-5188DC7ADAB7}"
EndProject
Project("{FAE04EC0-301F-11D3-BF4B-00C04F79EFBC}") = "02.03 _arrays_lists_8", "02.03 _arrays_lists_8\02.03 _arrays_lists_8.csproj", "{860B68F1-2066-495B-A2EE-8D271FA321E4}"
EndProject
Project("{FAE04EC0-301F-11D3-BF4B-00C04F79EFBC}") = "02.03 _arrays_lists_9", "02.03 _arrays_lists_9\02.03 _arrays_lists_9.csproj", "{14735E29-9F0B-4ADB-9512-E4A6AB8929A3}"
EndProject
Project("{FAE04EC0-301F-11D3-BF4B-00C04F79EFBC}") = "02.03 _arrays_lists_10", "02.03 _arrays_lists_10\02.03 _arrays_lists_10.csproj", "{052B1E5E-9B0D-4DC3-BC54-DA897653608A}"
EndProject
Global
	GlobalSection(SolutionConfigurationPlatforms) = preSolution
		Debug|Any CPU = Debug|Any CPU
		Release|Any CPU = Release|Any CPU
	EndGlobalSection
	GlobalSection(ProjectConfigurationPlatforms) = postSolution
		{FFAEA863-B819-435C-8114-27EEAFF3C802}.Debug|Any CPU.ActiveCfg = Debug|Any CPU
		{FFAEA863-B819-435C-8114-27EEAFF3C802}.Debug|Any CPU.Build.0 = Debug|Any CPU
		{FFAEA863-B819-435C-8114-27EEAFF3C802}.Release|Any CPU.ActiveCfg = Release|Any CPU
		{FFAEA863-B819-435C-8114-27EEAFF3C802}.Release|Any CPU.Build.0 = Release|Any CPU
		{84B1120B-7146-4F94-9F5C-775D1ABDD33A}.Debug|Any CPU.ActiveCfg = Debug|Any CPU
		{84B1120B-7146-4F94-9F5C-775D1ABDD33A}.Debug|Any CPU.Build.0 = Debug|Any CPU
		{84B1120B-7146-4F94-9F5C-775D1ABDD33A}.Release|Any CPU.ActiveCfg = Release|Any CPU
		{84B1120B-7146-4F94-9F5C-775D1ABDD33A}.Release|Any CPU.Build.0 = Release|Any CPU
		{4E3C2ED5-8BF7-4BED-AE9D-2C96A6C19AFF}.Debug|Any CPU.ActiveCfg = Debug|Any CPU
		{4E3C2ED5-8BF7-4BED-AE9D-2C96A6C19AFF}.Debug|Any CPU.Build.0 = Debug|Any CPU
		{4E3C2ED5-8BF7-4BED-AE9D-2C96A6C19AFF}.Release|Any CPU.ActiveCfg = Release|Any CPU
		{4E3C2ED5-8BF7-4BED-AE9D-2C96A6C19AFF}.Release|Any CPU.Build.0 = Release|Any CPU
		{537F6D89-63A3-47D4-9F46-FD46FA6AA06E}.Debug|Any CPU.ActiveCfg = Debug|Any CPU
		{537F6D89-63A3-47D4-9F46-FD46FA6AA06E}.Debug|Any CPU.Build.0 = Debug|Any CPU
		{537F6D89-63A3-47D4-9F46-FD46FA6AA06E}.Release|Any CPU.ActiveCfg = Release|Any CPU
		{537F6D89-63A3-47D4-9F46-FD46FA6AA06E}.Release|Any CPU.Build.0 = Release|Any CPU
		{59054031-F3AA-47D4-BA24-FBD8CB87E011}.Debug|Any CPU.ActiveCfg = Debug|Any CPU
		{59054031-F3AA-47D4-BA24-FBD8CB87E011}.Debug|Any CPU.Build.0 = Debug|Any CPU
		{59054031-F3AA-47D4-BA24-FBD8CB87E011}.Release|Any CPU.ActiveCfg = Release|Any CPU
		{59054031-F3AA-47D4-BA24-FBD8CB87E011}.Release|Any CPU.Build.0 = Release|Any CPU
		{2F55AA96-C863-4081-854C-B5D67EFAE7F8}.Debug|Any CPU.ActiveCfg = Debug|Any CPU
		{2F55AA96-C863-4081-854C-B5D67EFAE7F8}.Debug|Any CPU.Build.0 = Debug|Any CPU
		{2F55AA96-C863-4081-854C-B5D67EFAE7F8}.Release|Any CPU.ActiveCfg = Release|Any CPU
		{2F55AA96-C863-4081-854C-B5D67EFAE7F8}.Release|Any CPU.Build.0 = Release|Any CPU
		{0536E199-C627-478B-AB69-F8F3B96694EA}.Debug|Any CPU.ActiveCfg = Debug|Any CPU
		{0536E199-C627-478B-AB69-F8F3B96694EA}.Debug|Any CPU.Build.0 = Debug|Any CPU
		{0536E199-C627-478B-AB69-F8F3B96694EA}.Release|Any CPU.ActiveCfg = Release|Any CPU
		{0536E199-C627-478B-AB69-F8F3B96694EA}.Release|Any CPU.Build.0 = Release|Any CPU
		{171F0F02-09C0-4773-92EA-3EF238985B09}.Debug|Any CPU.ActiveCfg = Debug|Any CPU
		{171F0F02-09C0-4773-92EA-3EF238985B09}.Debug|Any CPU.Build.0 = Debug|Any CPU
		{171F0F02-09C0-4773-92EA-3EF238985B09}.Release|Any CPU.ActiveCfg = Release|Any CPU
		{171F0F02-09C0-4773-92EA-3EF238985B09}.Release|Any CPU.Build.0 = Release|Any CPU
		{98629839-B2BE-47A5-814D-D689A9F20EE8}.Debug|Any CPU.ActiveCfg = Debug|Any CPU
		{98629839-B2BE-47A5-814D-D689A9F20EE8}.Debug|Any CPU.Build.0 = Debug|Any CPU
		{98629839-B2BE-47A5-814D-D689A9F20EE8}.Release|Any CPU.ActiveCfg = Release|Any CPU
		{98629839-B2BE-47A5-814D-D689A9F20EE8}.Release|Any CPU.Build.0 = Release|Any CPU
		{6DDB0D0C-601C-4642-8FEE-13CD7DA28C24}.Debug|Any CPU.ActiveCfg = Debug|Any CPU
		{6DDB0D0C-601C-4642-8FEE-13CD7DA28C24}.Debug|Any CPU.Build.0 = Debug|Any CPU
		{6DDB0D0C-601C-4642-8FEE-13CD7DA28C24}.Release|Any CPU.ActiveCfg = Release|Any CPU
		{6DDB0D0C-601C-4642-8FEE-13CD7DA28C24}.Release|Any CPU.Build.0 = Release|Any CPU
		{BCD1C5D9-B57D-4B72-98A1-858A41951E7C}.Debug|Any CPU.ActiveCfg = Debug|Any CPU
		{BCD1C5D9-B57D-4B72-98A1-858A41951E7C}.Debug|Any CPU.Build.0 = Debug|Any CPU
		{BCD1C5D9-B57D-4B72-98A1-858A41951E7C}.Release|Any CPU.ActiveCfg = Release|Any CPU
		{BCD1C5D9-B57D-4B72-98A1-858A41951E7C}.Release|Any CPU.Build.0 = Release|Any CPU
		{24BD610B-091B-431D-81F1-B04EB16385BC}.Debug|Any CPU.ActiveCfg = Debug|Any CPU
		{24BD610B-091B-431D-81F1-B04EB16385BC}.Debug|Any CPU.Build.0 = Debug|Any CPU
		{24BD610B-091B-431D-81F1-B04EB16385BC}.Release|Any CPU.ActiveCfg = Release|Any CPU
		{24BD610B-091B-431D-81F1-B04EB16385BC}.Release|Any CPU.Build.0 = Release|Any CPU
		{E4350C40-B4E4-4041-BE35-8533F38E263C}.Debug|Any CPU.ActiveCfg = Debug|Any CPU
		{E4350C40-B4E4-4041-BE35-8533F38E263C}.Debug|Any CPU.Build.0 = Debug|Any CPU
		{E4350C40-B4E4-4041-BE35-8533F38E263C}.Release|Any CPU.ActiveCfg = Release|Any CPU
		{E4350C40-B4E4-4041-BE35-8533F38E263C}.Release|Any CPU.Build.0 = Release|Any CPU
		{8D251306-82F9-4729-ABE6-AE4742272518}.Debug|Any CPU.ActiveCfg = Debug|Any CPU
		{8D251306-82F9-4729-ABE6-AE4742272518}.Debug|Any CPU.Build.0 = Debug|Any CPU
		{8D251306-82F9-4729-ABE6-AE4742272518}.Release|Any CPU.ActiveCfg = Release|Any CPU
		{8D251306-82F9-4729-ABE6-AE4742272518}.Release|Any CPU.Build.0 = Release|Any CPU
		{94BF8141-8B48-40C1-ACF8-849EB24C6109}.Debug|Any CPU.ActiveCfg = Debug|Any CPU
		{94BF8141-8B48-40C1-ACF8-849EB24C6109}.Debug|Any CPU.Build.0 = Debug|Any CPU
		{94BF8141-8B48-40C1-ACF8-849EB24C6109}.Release|Any CPU.ActiveCfg = Release|Any CPU
		{94BF8141-8B48-40C1-ACF8-849EB24C6109}.Release|Any CPU.Build.0 = Release|Any CPU
		{BE7582D7-0A91-4926-B889-A772BC65BE4F}.Debug|Any CPU.ActiveCfg = Debug|Any CPU
		{BE7582D7-0A91-4926-B889-A772BC65BE4F}.Debug|Any CPU.Build.0 = Debug|Any CPU
		{BE7582D7-0A91-4926-B889-A772BC65BE4F}.Release|Any CPU.ActiveCfg = Release|Any CPU
		{BE7582D7-0A91-4926-B889-A772BC65BE4F}.Release|Any CPU.Build.0 = Release|Any CPU
		{F383CDA3-3B82-44CA-919F-EE848D2CCE2E}.Debug|Any CPU.ActiveCfg = Debug|Any CPU
		{F383CDA3-3B82-44CA-919F-EE848D2CCE2E}.Debug|Any CPU.Build.0 = Debug|Any CPU
		{F383CDA3-3B82-44CA-919F-EE848D2CCE2E}.Release|Any CPU.ActiveCfg = Release|Any CPU
		{F383CDA3-3B82-44CA-919F-EE848D2CCE2E}.Release|Any CPU.Build.0 = Release|Any CPU
		{BD103D52-CB51-4219-BB6D-8AC6270533BE}.Debug|Any CPU.ActiveCfg = Debug|Any CPU
		{BD103D52-CB51-4219-BB6D-8AC6270533BE}.Debug|Any CPU.Build.0 = Debug|Any CPU
		{BD103D52-CB51-4219-BB6D-8AC6270533BE}.Release|Any CPU.ActiveCfg = Release|Any CPU
		{BD103D52-CB51-4219-BB6D-8AC6270533BE}.Release|Any CPU.Build.0 = Release|Any CPU
		{EAC07A9E-93A3-44EF-B1B1-83027942EA84}.Debug|Any CPU.ActiveCfg = Debug|Any CPU
		{EAC07A9E-93A3-44EF-B1B1-83027942EA84}.Debug|Any CPU.Build.0 = Debug|Any CPU
		{EAC07A9E-93A3-44EF-B1B1-83027942EA84}.Release|Any CPU.ActiveCfg = Release|Any CPU
		{EAC07A9E-93A3-44EF-B1B1-83027942EA84}.Release|Any CPU.Build.0 = Release|Any CPU
		{26DF34FF-00CF-4361-A304-1AE1C247D93B}.Debug|Any CPU.ActiveCfg = Debug|Any CPU
		{26DF34FF-00CF-4361-A304-1AE1C247D93B}.Debug|Any CPU.Build.0 = Debug|Any CPU
		{26DF34FF-00CF-4361-A304-1AE1C247D93B}.Release|Any CPU.ActiveCfg = Release|Any CPU
		{26DF34FF-00CF-4361-A304-1AE1C247D93B}.Release|Any CPU.Build.0 = Release|Any CPU
		{FF668C99-BE2F-4B05-8B0C-DCED91C2F391}.Debug|Any CPU.ActiveCfg = Debug|Any CPU
		{FF668C99-BE2F-4B05-8B0C-DCED91C2F391}.Debug|Any CPU.Build.0 = Debug|Any CPU
		{FF668C99-BE2F-4B05-8B0C-DCED91C2F391}.Release|Any CPU.ActiveCfg = Release|Any CPU
		{FF668C99-BE2F-4B05-8B0C-DCED91C2F391}.Release|Any CPU.Build.0 = Release|Any CPU
		{241D9CC8-7BF6-4B93-91CC-EF1D3C8C4F8F}.Debug|Any CPU.ActiveCfg = Debug|Any CPU
		{241D9CC8-7BF6-4B93-91CC-EF1D3C8C4F8F}.Debug|Any CPU.Build.0 = Debug|Any CPU
		{241D9CC8-7BF6-4B93-91CC-EF1D3C8C4F8F}.Release|Any CPU.ActiveCfg = Release|Any CPU
		{241D9CC8-7BF6-4B93-91CC-EF1D3C8C4F8F}.Release|Any CPU.Build.0 = Release|Any CPU
		{DB01A4B9-FA64-4BEC-ACEB-C931F5ACBF4E}.Debug|Any CPU.ActiveCfg = Debug|Any CPU
		{DB01A4B9-FA64-4BEC-ACEB-C931F5ACBF4E}.Debug|Any CPU.Build.0 = Debug|Any CPU
		{DB01A4B9-FA64-4BEC-ACEB-C931F5ACBF4E}.Release|Any CPU.ActiveCfg = Release|Any CPU
		{DB01A4B9-FA64-4BEC-ACEB-C931F5ACBF4E}.Release|Any CPU.Build.0 = Release|Any CPU
		{C85FD58D-7893-478E-808E-3118B6C50CA2}.Debug|Any CPU.ActiveCfg = Debug|Any CPU
		{C85FD58D-7893-478E-808E-3118B6C50CA2}.Debug|Any CPU.Build.0 = Debug|Any CPU
		{C85FD58D-7893-478E-808E-3118B6C50CA2}.Release|Any CPU.ActiveCfg = Release|Any CPU
		{C85FD58D-7893-478E-808E-3118B6C50CA2}.Release|Any CPU.Build.0 = Release|Any CPU
		{CC03CDC2-FE43-468F-B3E6-3D6285839E8D}.Debug|Any CPU.ActiveCfg = Debug|Any CPU
		{CC03CDC2-FE43-468F-B3E6-3D6285839E8D}.Debug|Any CPU.Build.0 = Debug|Any CPU
		{CC03CDC2-FE43-468F-B3E6-3D6285839E8D}.Release|Any CPU.ActiveCfg = Release|Any CPU
		{CC03CDC2-FE43-468F-B3E6-3D6285839E8D}.Release|Any CPU.Build.0 = Release|Any CPU
		{5BAE7C1E-EB4D-42B7-A410-5188DC7ADAB7}.Debug|Any CPU.ActiveCfg = Debug|Any CPU
		{5BAE7C1E-EB4D-42B7-A410-5188DC7ADAB7}.Debug|Any CPU.Build.0 = Debug|Any CPU
		{5BAE7C1E-EB4D-42B7-A410-5188DC7ADAB7}.Release|Any CPU.ActiveCfg = Release|Any CPU
		{5BAE7C1E-EB4D-42B7-A410-5188DC7ADAB7}.Release|Any CPU.Build.0 = Release|Any CPU
		{860B68F1-2066-495B-A2EE-8D271FA321E4}.Debug|Any CPU.ActiveCfg = Debug|Any CPU
		{860B68F1-2066-495B-A2EE-8D271FA321E4}.Debug|Any CPU.Build.0 = Debug|Any CPU
		{860B68F1-2066-495B-A2EE-8D271FA321E4}.Release|Any CPU.ActiveCfg = Release|Any CPU
		{860B68F1-2066-495B-A2EE-8D271FA321E4}.Release|Any CPU.Build.0 = Release|Any CPU
		{14735E29-9F0B-4ADB-9512-E4A6AB8929A3}.Debug|Any CPU.ActiveCfg = Debug|Any CPU
		{14735E29-9F0B-4ADB-9512-E4A6AB8929A3}.Debug|Any CPU.Build.0 = Debug|Any CPU
		{14735E29-9F0B-4ADB-9512-E4A6AB8929A3}.Release|Any CPU.ActiveCfg = Release|Any CPU
		{14735E29-9F0B-4ADB-9512-E4A6AB8929A3}.Release|Any CPU.Build.0 = Release|Any CPU
		{052B1E5E-9B0D-4DC3-BC54-DA897653608A}.Debug|Any CPU.ActiveCfg = Debug|Any CPU
		{052B1E5E-9B0D-4DC3-BC54-DA897653608A}.Debug|Any CPU.Build.0 = Debug|Any CPU
		{052B1E5E-9B0D-4DC3-BC54-DA897653608A}.Release|Any CPU.ActiveCfg = Release|Any CPU
		{052B1E5E-9B0D-4DC3-BC54-DA897653608A}.Release|Any CPU.Build.0 = Release|Any CPU
	EndGlobalSection
	GlobalSection(SolutionProperties) = preSolution
		HideSolutionNode = FALSE
	EndGlobalSection
	GlobalSection(ExtensibilityGlobals) = postSolution
		SolutionGuid = {9F3B895B-9943-4757-BFCA-CBD15630CE16}
	EndGlobalSection
EndGlobal
