
Microsoft Visual Studio Solution File, Format Version 12.00
# Visual Studio Version 17
VisualStudioVersion = 17.11.35431.28
MinimumVisualStudioVersion = 10.0.40219.1
Project("{9A19103F-16F7-4668-BE54-9A1E7A4F7556}") = "Traineeship - 2025", "Traineeship - 2025\Traineeship - 2025.csproj", "{FFAEA863-B819-435C-8114-27EEAFF3C802}"
EndProject
Project("{9A19103F-16F7-4668-BE54-9A1E7A4F7556}") = "29.12.2024 - remove duplicate words", "29.12.2024 - remove duplicate words\29.12.2024 - remove duplicate words.csproj", "{84B1120B-7146-4F94-9F5C-775D1ABDD33A}"
EndProject
Project("{9A19103F-16F7-4668-BE54-9A1E7A4F7556}") = "28.01.2025 - calc", "28.01.2025 - calc\28.01.2025 - calc.csproj", "{4E3C2ED5-8BF7-4BED-AE9D-2C96A6C19AFF}"
EndProject
Project("{9A19103F-16F7-4668-BE54-9A1E7A4F7556}") = "29.01.2025 - hometask", "29.01.2025 - hometask\29.01.2025 - hometask.csproj", "{537F6D89-63A3-47D4-9F46-FD46FA6AA06E}"
EndProject
Project("{9A19103F-16F7-4668-BE54-9A1E7A4F7556}") = "29.01.2025 - hometask - 2", "29.01.2025 - hometask - 2\29.01.2025 - hometask - 2.csproj", "{59054031-F3AA-47D4-BA24-FBD8CB87E011}"
EndProject
Project("{9A19103F-16F7-4668-BE54-9A1E7A4F7556}") = "29.01.2025 - hometask - 3", "29.01.2025 - hometask - 3\29.01.2025 - hometask - 3.csproj", "{2F55AA96-C863-4081-854C-B5D67EFAE7F8}"
EndProject
Project("{9A19103F-16F7-4668-BE54-9A1E7A4F7556}") = "29.01.2025 - hometask - 4", "29.01.2025 - hometask - 4\29.01.2025 - hometask - 4.csproj", "{0536E199-C627-478B-AB69-F8F3B96694EA}"
EndProject
Project("{FAE04EC0-301F-11D3-BF4B-00C04F79EFBC}") = "29.01.2025 - 381- flint problem", "29.01.2025 - 381- flint problem\29.01.2025 - 381- flint problem.csproj", "{171F0F02-09C0-4773-92EA-3EF238985B09}"
EndProject
Project("{FAE04EC0-301F-11D3-BF4B-00C04F79EFBC}") = "31.01.2025 - 381 task 2 version", "31.01.2025 - 381 task 2 version\31.01.2025 - 381 task 2 version.csproj", "{98629839-B2BE-47A5-814D-D689A9F20EE8}"
EndProject
Project("{FAE04EC0-301F-11D3-BF4B-00C04F79EFBC}") = "03.02.2025 - 382 task", "03.02.2025 - 382 task\03.02.2025 - 382 task.csproj", "{6DDB0D0C-601C-4642-8FEE-13CD7DA28C24}"
EndProject
Project("{FAE04EC0-301F-11D3-BF4B-00C04F79EFBC}") = "04.02.2025 - 385", "04.02.2025 - 385\04.02.2025 - 385.csproj", "{BCD1C5D9-B57D-4B72-98A1-858A41951E7C}"
EndProject
Project("{FAE04EC0-301F-11D3-BF4B-00C04F79EFBC}") = "05.02.2025 - task for 385", "05.02.2025 - task for 385\05.02.2025 - task for 385.csproj", "{24BD610B-091B-431D-81F1-B04EB16385BC}"
EndProject
Project("{FAE04EC0-301F-11D3-BF4B-00C04F79EFBC}") = "neuro_task_18.02", "neuro_task_18.02\neuro_task_18.02.csproj", "{E4350C40-B4E4-4041-BE35-8533F38E263C}"
EndProject
Project("{FAE04EC0-301F-11D3-BF4B-00C04F79EFBC}") = "25.02", "25.02\25.02.csproj", "{8D251306-82F9-4729-ABE6-AE4742272518}"
EndProject
Project("{FAE04EC0-301F-11D3-BF4B-00C04F79EFBC}") = "26.02", "26.02\26.02.csproj", "{94BF8141-8B48-40C1-ACF8-849EB24C6109}"
EndProject
Project("{FAE04EC0-301F-11D3-BF4B-00C04F79EFBC}") = "26.02 - 2", "26.02 - 2\26.02 - 2.csproj", "{BE7582D7-0A91-4926-B889-A772BC65BE4F}"
EndProject
Project("{FAE04EC0-301F-11D3-BF4B-00C04F79EFBC}") = "27.02 delegate - 1", "27.02 delegate - 1\27.02 delegate - 1.csproj", "{F383CDA3-3B82-44CA-919F-EE848D2CCE2E}"
EndProject
Project("{FAE04EC0-301F-11D3-BF4B-00C04F79EFBC}") = "28.02 - 1", "28.02 - 1\28.02 - 1.csproj", "{BD103D52-CB51-4219-BB6D-8AC6270533BE}"
EndProject
Project("{FAE04EC0-301F-11D3-BF4B-00C04F79EFBC}") = "28.02 - delegate - 2", "28.02 - delegate - 2\28.02 - delegate - 2.csproj", "{EAC07A9E-93A3-44EF-B1B1-83027942EA84}"
EndProject
Project("{FAE04EC0-301F-11D3-BF4B-00C04F79EFBC}") = "01.03 _arrays_lists_1", "01.03 _arrays_lists_1\01.03 _arrays_lists_1.csproj", "{26DF34FF-00CF-4361-A304-1AE1C247D93B}"
EndProject
Project("{FAE04EC0-301F-11D3-BF4B-00C04F79EFBC}") = "01.03 _arrays_lists_2", "01.03 _arrays_lists_2\01.03 _arrays_lists_2.csproj", "{FF668C99-BE2F-4B05-8B0C-DCED91C2F391}"
EndProject
Project("{FAE04EC0-301F-11D3-BF4B-00C04F79EFBC}") = "01.03 _arrays_lists_3", "01.03 _arrays_lists_3\01.03 _arrays_lists_3.csproj", "{241D9CC8-7BF6-4B93-91CC-EF1D3C8C4F8F}"
EndProject
Project("{FAE04EC0-301F-11D3-BF4B-00C04F79EFBC}") = "01.03 _arrays_lists_4", "01.03 _arrays_lists_4\01.03 _arrays_lists_4.csproj", "{DB01A4B9-FA64-4BEC-ACEB-C931F5ACBF4E}"
EndProject
Project("{FAE04EC0-301F-11D3-BF4B-00C04F79EFBC}") = "01.03 _arrays_lists_5", "01.03 _arrays_lists_5\01.03 _arrays_lists_5.csproj", "{C85FD58D-7893-478E-808E-3118B6C50CA2}"
EndProject
Project("{FAE04EC0-301F-11D3-BF4B-00C04F79EFBC}") = "01.03 _arrays_lists_6", "01.03 _arrays_lists_6\01.03 _arrays_lists_6.csproj", "{CC03CDC2-FE43-468F-B3E6-3D6285839E8D}"
EndProject
Project("{FAE04EC0-301F-11D3-BF4B-00C04F79EFBC}") = "02.03 _arrays_lists_7", "02.03 _arrays_lists_7\02.03 _arrays_lists_7.csproj", "{5BAE7C1E-EB4D-42B7-A410-5188DC7ADAB7}"
EndProject
Project("{FAE04EC0-301F-11D3-BF4B-00C04F79EFBC}") = "02.03 _arrays_lists_8", "02.03 _arrays_lists_8\02.03 _arrays_lists_8.csproj", "{860B68F1-2066-495B-A2EE-8D271FA321E4}"
EndProject
Project("{FAE04EC0-301F-11D3-BF4B-00C04F79EFBC}") = "02.03 _arrays_lists_9", "02.03 _arrays_lists_9\02.03 _arrays_lists_9.csproj", "{14735E29-9F0B-4ADB-9512-E4A6AB8929A3}"
EndProject
Project("{FAE04EC0-301F-11D3-BF4B-00C04F79EFBC}") = "02.03 _arrays_lists_10", "02.03 _arrays_lists_10\02.03 _arrays_lists_10.csproj", "{052B1E5E-9B0D-4DC3-BC54-DA897653608A}"
EndProject
Project("{FAE04EC0-301F-11D3-BF4B-00C04F79EFBC}") = "05.03 - 1", "05.03 - 1\05.03 - 1.csproj", "{932E5E71-E787-479C-955C-606B3F21B6D3}"
EndProject
Project("{FAE04EC0-301F-11D3-BF4B-00C04F79EFBC}") = "10.03", "10.03\10.03.csproj", "{6A1CF779-FAC8-4FBB-9E9D-2AFD5BD132B6}"
EndProject
Project("{FAE04EC0-301F-11D3-BF4B-00C04F79EFBC}") = "10.03 - 1", "10.03 - 1\10.03 - 1.csproj", "{064C6759-F75D-4479-91FE-EBBA3336B057}"
EndProject
Project("{FAE04EC0-301F-11D3-BF4B-00C04F79EFBC}") = "12.03 - zeroos massive sorting", "12.03 - zeroos massive sorting\12.03 - zeroos massive sorting.csproj", "{824275B1-7200-459D-9CEC-3479CECD087D}"
EndProject
Project("{FAE04EC0-301F-11D3-BF4B-00C04F79EFBC}") = "12.03 - loop_00", "12.03 - loop_00\12.03 - loop_00.csproj", "{DBB1595B-22BC-4606-96E1-C26549B41484}"
EndProject
Project("{FAE04EC0-301F-11D3-BF4B-00C04F79EFBC}") = "12.03 - loop_00_ 2_version", "12.03 - loop_00_ 2_version\12.03 - loop_00_ 2_version.csproj", "{32928D4F-7522-4A55-99B8-FE640FBA565C}"
EndProject
Project("{FAE04EC0-301F-11D3-BF4B-00C04F79EFBC}") = "18.03 - 1", "18.03 - 1\18.03 - 1.csproj", "{D38066F7-94FC-497A-9434-74372E308041}"
EndProject
Project("{FAE04EC0-301F-11D3-BF4B-00C04F79EFBC}") = "21.03.2025 - 10", "21.03.2025 - 10\21.03.2025 - 10.csproj", "{C252A89F-3EA8-433F-BBA9-7B1A088DBDB7}"
EndProject
Project("{FAE04EC0-301F-11D3-BF4B-00C04F79EFBC}") = "21.03 - 1", "21.03 - 1\21.03 - 1.csproj", "{C70F3E2B-437E-4FF6-B46C-D30104F55C44}"
EndProject
Project("{FAE04EC0-301F-11D3-BF4B-00C04F79EFBC}") = "25.03 - 11", "25.03 - 11\25.03 - 11.csproj", "{0B6A1F8B-56D2-4648-81F7-B4BF3558ED09}"
EndProject
Project("{FAE04EC0-301F-11D3-BF4B-00C04F79EFBC}") = "25.03 - 12", "25.03 - 12\25.03 - 12.csproj", "{9D844ABC-2750-4F61-95D8-D07B11F5C273}"
EndProject
Project("{FAE04EC0-301F-11D3-BF4B-00C04F79EFBC}") = "25.03 - 13", "25.03 - 13\25.03 - 13.csproj", "{22CDAAC3-9C55-424C-B30A-C9B39739B878}"
EndProject
Project("{FAE04EC0-301F-11D3-BF4B-00C04F79EFBC}") = "25.03 - 14", "25.03 - 14\25.03 - 14.csproj", "{0DC802FF-EFCD-4C76-8ACC-7CC5CF9F2282}"
EndProject
Project("{FAE04EC0-301F-11D3-BF4B-00C04F79EFBC}") = "25.03 - 15", "25.03 - 15\25.03 - 15.csproj", "{5635E24B-4BB6-4861-B81E-D05894D8BAD6}"
EndProject
Project("{FAE04EC0-301F-11D3-BF4B-00C04F79EFBC}") = "25.03 - tests", "25.03 - tests\25.03 - tests.csproj", "{4D4A1F22-BE04-4EE7-A068-FF2E247E57CA}"
EndProject
Project("{FAE04EC0-301F-11D3-BF4B-00C04F79EFBC}") = "25.04.2025 - 1", "25.04.2025 - 1\25.04.2025 - 1.csproj", "{A53EA92D-9E31-436B-910A-D41E2C2DAB19}"
EndProject
Project("{FAE04EC0-301F-11D3-BF4B-00C04F79EFBC}") = "27.04 - 1", "27.04 - 1\27.04 - 1.csproj", "{8325CDEC-1EA0-4290-BE2B-DD6CCD2130E2}"
EndProject
Project("{FAE04EC0-301F-11D3-BF4B-00C04F79EFBC}") = "27.04 - 2", "27.04 - 2\27.04 - 2.csproj", "{33C8E1C7-47CF-467B-AFB4-D534B297AD06}"
EndProject
Project("{FAE04EC0-301F-11D3-BF4B-00C04F79EFBC}") = "27.04 - 3", "27.04 - 3\27.04 - 3.csproj", "{26569136-B94B-4A11-A3A0-15DFA33F1E55}"
EndProject
Project("{FAE04EC0-301F-11D3-BF4B-00C04F79EFBC}") = "27.04 - 4", "27.04 - 4\27.04 - 4.csproj", "{E78DA804-529D-4560-BCA1-BC82497229F1}"
EndProject
Project("{FAE04EC0-301F-11D3-BF4B-00C04F79EFBC}") = "28.04 - 5", "28.04 - 5\28.04 - 5.csproj", "{EAD6BC5D-E2AE-4024-B95B-B5BBDBCA4E16}"
EndProject
Project("{FAE04EC0-301F-11D3-BF4B-00C04F79EFBC}") = "09.05.2025 - 1", "09.05.2025 - 1\09.05.2025 - 1.csproj", "{467B7233-0B6A-437E-8723-374A4938B374}"
EndProject
Project("{FAE04EC0-301F-11D3-BF4B-00C04F79EFBC}") = "21.05.2025 - 2", "21.05.2025 - 2\21.05.2025 - 2.csproj", "{0ED6065F-095C-4B0F-8219-ABB103F6B0EA}"
EndProject
Project("{FAE04EC0-301F-11D3-BF4B-00C04F79EFBC}") = "21.05.2025 - 3", "21.05.2025 - 3\21.05.2025 - 3.csproj", "{9C9BD9D1-2879-481A-B2EB-4325DB2D4302}"
EndProject
Project("{FAE04EC0-301F-11D3-BF4B-00C04F79EFBC}") = "21.05.2025 - 4", "21.05.2025 - 4\21.05.2025 - 4.csproj", "{E3F35C73-EF5A-4B8F-986F-9E8172A56E9A}"
EndProject
Project("{FAE04EC0-301F-11D3-BF4B-00C04F79EFBC}") = "21.05.2025 - 5", "21.05.2025 - 5\21.05.2025 - 5.csproj", "{367A7D55-DA7E-40F8-85D0-A59681F140AE}"
EndProject
Project("{FAE04EC0-301F-11D3-BF4B-00C04F79EFBC}") = "21.05.2025 - 6", "21.05.2025 - 6\21.05.2025 - 6.csproj", "{410258EE-E253-47B9-AB0A-17B65EBB1DD8}"
EndProject
Project("{FAE04EC0-301F-11D3-BF4B-00C04F79EFBC}") = "21.05.2025 - 7", "21.05.2025 - 7\21.05.2025 - 7.csproj", "{2ADE3487-EF4A-4823-9651-E406CFD91D9A}"
EndProject
Project("{FAE04EC0-301F-11D3-BF4B-00C04F79EFBC}") = "21.05.2025 - 8", "21.05.2025 - 8\21.05.2025 - 8.csproj", "{49A64C2D-C0A8-4528-A710-B3EACAEF9CF8}"
EndProject
Project("{FAE04EC0-301F-11D3-BF4B-00C04F79EFBC}") = "21.05.2025 - 9", "21.05.2025 - 9\21.05.2025 - 9.csproj", "{55037BB5-5F9A-4782-B649-5F1C1A7CCAAD}"
EndProject
Project("{FAE04EC0-301F-11D3-BF4B-00C04F79EFBC}") = "21.05.2025 - 10", "21.05.2025 - 10\21.05.2025 - 10.csproj", "{7454D52B-866C-4BA0-AB70-338D2CB3826B}"
EndProject
Project("{FAE04EC0-301F-11D3-BF4B-00C04F79EFBC}") = "22.05.2025- 1", "22.05.2025- 1\22.05.2025- 1.csproj", "{EA4747C6-1F09-44D4-A669-961AB2570FAD}"
EndProject
Project("{FAE04EC0-301F-11D3-BF4B-00C04F79EFBC}") = "23.05.2025 - 1", "23.05.2025 - 1\23.05.2025 - 1.csproj", "{B0A1AB6C-F7F4-4BCF-811E-F5B47BE9B534}"
EndProject
Project("{FAE04EC0-301F-11D3-BF4B-00C04F79EFBC}") = "23.05.2025 - 2", "23.05.2025 - 2\23.05.2025 - 2.csproj", "{F5B92DDC-D4DC-4C17-81C0-5DEAA47A47DC}"
EndProject
Project("{FAE04EC0-301F-11D3-BF4B-00C04F79EFBC}") = "27.05.2025", "27.05.2025\27.05.2025.csproj", "{3AB00A97-B9A7-4596-8AF8-0E40F19E0E26}"
EndProject
Project("{FAE04EC0-301F-11D3-BF4B-00C04F79EFBC}") = "27.05.2025 - 2", "27.05.2025 - 2\27.05.2025 - 2.csproj", "{C5F58018-816B-4A80-9713-DD097063CAC1}"
EndProject
Global
	GlobalSection(SolutionConfigurationPlatforms) = preSolution
		Debug|Any CPU = Debug|Any CPU
		Release|Any CPU = Release|Any CPU
	EndGlobalSection
	GlobalSection(ProjectConfigurationPlatforms) = postSolution
		{FFAEA863-B819-435C-8114-27EEAFF3C802}.Debug|Any CPU.ActiveCfg = Debug|Any CPU
		{FFAEA863-B819-435C-8114-27EEAFF3C802}.Debug|Any CPU.Build.0 = Debug|Any CPU
		{FFAEA863-B819-435C-8114-27EEAFF3C802}.Release|Any CPU.ActiveCfg = Release|Any CPU
		{FFAEA863-B819-435C-8114-27EEAFF3C802}.Release|Any CPU.Build.0 = Release|Any CPU
		{84B1120B-7146-4F94-9F5C-775D1ABDD33A}.Debug|Any CPU.ActiveCfg = Debug|Any CPU
		{84B1120B-7146-4F94-9F5C-775D1ABDD33A}.Debug|Any CPU.Build.0 = Debug|Any CPU
		{84B1120B-7146-4F94-9F5C-775D1ABDD33A}.Release|Any CPU.ActiveCfg = Release|Any CPU
		{84B1120B-7146-4F94-9F5C-775D1ABDD33A}.Release|Any CPU.Build.0 = Release|Any CPU
		{4E3C2ED5-8BF7-4BED-AE9D-2C96A6C19AFF}.Debug|Any CPU.ActiveCfg = Debug|Any CPU
		{4E3C2ED5-8BF7-4BED-AE9D-2C96A6C19AFF}.Debug|Any CPU.Build.0 = Debug|Any CPU
		{4E3C2ED5-8BF7-4BED-AE9D-2C96A6C19AFF}.Release|Any CPU.ActiveCfg = Release|Any CPU
		{4E3C2ED5-8BF7-4BED-AE9D-2C96A6C19AFF}.Release|Any CPU.Build.0 = Release|Any CPU
		{537F6D89-63A3-47D4-9F46-FD46FA6AA06E}.Debug|Any CPU.ActiveCfg = Debug|Any CPU
		{537F6D89-63A3-47D4-9F46-FD46FA6AA06E}.Debug|Any CPU.Build.0 = Debug|Any CPU
		{537F6D89-63A3-47D4-9F46-FD46FA6AA06E}.Release|Any CPU.ActiveCfg = Release|Any CPU
		{537F6D89-63A3-47D4-9F46-FD46FA6AA06E}.Release|Any CPU.Build.0 = Release|Any CPU
		{59054031-F3AA-47D4-BA24-FBD8CB87E011}.Debug|Any CPU.ActiveCfg = Debug|Any CPU
		{59054031-F3AA-47D4-BA24-FBD8CB87E011}.Debug|Any CPU.Build.0 = Debug|Any CPU
		{59054031-F3AA-47D4-BA24-FBD8CB87E011}.Release|Any CPU.ActiveCfg = Release|Any CPU
		{59054031-F3AA-47D4-BA24-FBD8CB87E011}.Release|Any CPU.Build.0 = Release|Any CPU
		{2F55AA96-C863-4081-854C-B5D67EFAE7F8}.Debug|Any CPU.ActiveCfg = Debug|Any CPU
		{2F55AA96-C863-4081-854C-B5D67EFAE7F8}.Debug|Any CPU.Build.0 = Debug|Any CPU
		{2F55AA96-C863-4081-854C-B5D67EFAE7F8}.Release|Any CPU.ActiveCfg = Release|Any CPU
		{2F55AA96-C863-4081-854C-B5D67EFAE7F8}.Release|Any CPU.Build.0 = Release|Any CPU
		{0536E199-C627-478B-AB69-F8F3B96694EA}.Debug|Any CPU.ActiveCfg = Debug|Any CPU
		{0536E199-C627-478B-AB69-F8F3B96694EA}.Debug|Any CPU.Build.0 = Debug|Any CPU
		{0536E199-C627-478B-AB69-F8F3B96694EA}.Release|Any CPU.ActiveCfg = Release|Any CPU
		{0536E199-C627-478B-AB69-F8F3B96694EA}.Release|Any CPU.Build.0 = Release|Any CPU
		{171F0F02-09C0-4773-92EA-3EF238985B09}.Debug|Any CPU.ActiveCfg = Debug|Any CPU
		{171F0F02-09C0-4773-92EA-3EF238985B09}.Debug|Any CPU.Build.0 = Debug|Any CPU
		{171F0F02-09C0-4773-92EA-3EF238985B09}.Release|Any CPU.ActiveCfg = Release|Any CPU
		{171F0F02-09C0-4773-92EA-3EF238985B09}.Release|Any CPU.Build.0 = Release|Any CPU
		{98629839-B2BE-47A5-814D-D689A9F20EE8}.Debug|Any CPU.ActiveCfg = Debug|Any CPU
		{98629839-B2BE-47A5-814D-D689A9F20EE8}.Debug|Any CPU.Build.0 = Debug|Any CPU
		{98629839-B2BE-47A5-814D-D689A9F20EE8}.Release|Any CPU.ActiveCfg = Release|Any CPU
		{98629839-B2BE-47A5-814D-D689A9F20EE8}.Release|Any CPU.Build.0 = Release|Any CPU
		{6DDB0D0C-601C-4642-8FEE-13CD7DA28C24}.Debug|Any CPU.ActiveCfg = Debug|Any CPU
		{6DDB0D0C-601C-4642-8FEE-13CD7DA28C24}.Debug|Any CPU.Build.0 = Debug|Any CPU
		{6DDB0D0C-601C-4642-8FEE-13CD7DA28C24}.Release|Any CPU.ActiveCfg = Release|Any CPU
		{6DDB0D0C-601C-4642-8FEE-13CD7DA28C24}.Release|Any CPU.Build.0 = Release|Any CPU
		{BCD1C5D9-B57D-4B72-98A1-858A41951E7C}.Debug|Any CPU.ActiveCfg = Debug|Any CPU
		{BCD1C5D9-B57D-4B72-98A1-858A41951E7C}.Debug|Any CPU.Build.0 = Debug|Any CPU
		{BCD1C5D9-B57D-4B72-98A1-858A41951E7C}.Release|Any CPU.ActiveCfg = Release|Any CPU
		{BCD1C5D9-B57D-4B72-98A1-858A41951E7C}.Release|Any CPU.Build.0 = Release|Any CPU
		{24BD610B-091B-431D-81F1-B04EB16385BC}.Debug|Any CPU.ActiveCfg = Debug|Any CPU
		{24BD610B-091B-431D-81F1-B04EB16385BC}.Debug|Any CPU.Build.0 = Debug|Any CPU
		{24BD610B-091B-431D-81F1-B04EB16385BC}.Release|Any CPU.ActiveCfg = Release|Any CPU
		{24BD610B-091B-431D-81F1-B04EB16385BC}.Release|Any CPU.Build.0 = Release|Any CPU
		{E4350C40-B4E4-4041-BE35-8533F38E263C}.Debug|Any CPU.ActiveCfg = Debug|Any CPU
		{E4350C40-B4E4-4041-BE35-8533F38E263C}.Debug|Any CPU.Build.0 = Debug|Any CPU
		{E4350C40-B4E4-4041-BE35-8533F38E263C}.Release|Any CPU.ActiveCfg = Release|Any CPU
		{E4350C40-B4E4-4041-BE35-8533F38E263C}.Release|Any CPU.Build.0 = Release|Any CPU
		{8D251306-82F9-4729-ABE6-AE4742272518}.Debug|Any CPU.ActiveCfg = Debug|Any CPU
		{8D251306-82F9-4729-ABE6-AE4742272518}.Debug|Any CPU.Build.0 = Debug|Any CPU
		{8D251306-82F9-4729-ABE6-AE4742272518}.Release|Any CPU.ActiveCfg = Release|Any CPU
		{8D251306-82F9-4729-ABE6-AE4742272518}.Release|Any CPU.Build.0 = Release|Any CPU
		{94BF8141-8B48-40C1-ACF8-849EB24C6109}.Debug|Any CPU.ActiveCfg = Debug|Any CPU
		{94BF8141-8B48-40C1-ACF8-849EB24C6109}.Debug|Any CPU.Build.0 = Debug|Any CPU
		{94BF8141-8B48-40C1-ACF8-849EB24C6109}.Release|Any CPU.ActiveCfg = Release|Any CPU
		{94BF8141-8B48-40C1-ACF8-849EB24C6109}.Release|Any CPU.Build.0 = Release|Any CPU
		{BE7582D7-0A91-4926-B889-A772BC65BE4F}.Debug|Any CPU.ActiveCfg = Debug|Any CPU
		{BE7582D7-0A91-4926-B889-A772BC65BE4F}.Debug|Any CPU.Build.0 = Debug|Any CPU
		{BE7582D7-0A91-4926-B889-A772BC65BE4F}.Release|Any CPU.ActiveCfg = Release|Any CPU
		{BE7582D7-0A91-4926-B889-A772BC65BE4F}.Release|Any CPU.Build.0 = Release|Any CPU
		{F383CDA3-3B82-44CA-919F-EE848D2CCE2E}.Debug|Any CPU.ActiveCfg = Debug|Any CPU
		{F383CDA3-3B82-44CA-919F-EE848D2CCE2E}.Debug|Any CPU.Build.0 = Debug|Any CPU
		{F383CDA3-3B82-44CA-919F-EE848D2CCE2E}.Release|Any CPU.ActiveCfg = Release|Any CPU
		{F383CDA3-3B82-44CA-919F-EE848D2CCE2E}.Release|Any CPU.Build.0 = Release|Any CPU
		{BD103D52-CB51-4219-BB6D-8AC6270533BE}.Debug|Any CPU.ActiveCfg = Debug|Any CPU
		{BD103D52-CB51-4219-BB6D-8AC6270533BE}.Debug|Any CPU.Build.0 = Debug|Any CPU
		{BD103D52-CB51-4219-BB6D-8AC6270533BE}.Release|Any CPU.ActiveCfg = Release|Any CPU
		{BD103D52-CB51-4219-BB6D-8AC6270533BE}.Release|Any CPU.Build.0 = Release|Any CPU
		{EAC07A9E-93A3-44EF-B1B1-83027942EA84}.Debug|Any CPU.ActiveCfg = Debug|Any CPU
		{EAC07A9E-93A3-44EF-B1B1-83027942EA84}.Debug|Any CPU.Build.0 = Debug|Any CPU
		{EAC07A9E-93A3-44EF-B1B1-83027942EA84}.Release|Any CPU.ActiveCfg = Release|Any CPU
		{EAC07A9E-93A3-44EF-B1B1-83027942EA84}.Release|Any CPU.Build.0 = Release|Any CPU
		{26DF34FF-00CF-4361-A304-1AE1C247D93B}.Debug|Any CPU.ActiveCfg = Debug|Any CPU
		{26DF34FF-00CF-4361-A304-1AE1C247D93B}.Debug|Any CPU.Build.0 = Debug|Any CPU
		{26DF34FF-00CF-4361-A304-1AE1C247D93B}.Release|Any CPU.ActiveCfg = Release|Any CPU
		{26DF34FF-00CF-4361-A304-1AE1C247D93B}.Release|Any CPU.Build.0 = Release|Any CPU
		{FF668C99-BE2F-4B05-8B0C-DCED91C2F391}.Debug|Any CPU.ActiveCfg = Debug|Any CPU
		{FF668C99-BE2F-4B05-8B0C-DCED91C2F391}.Debug|Any CPU.Build.0 = Debug|Any CPU
		{FF668C99-BE2F-4B05-8B0C-DCED91C2F391}.Release|Any CPU.ActiveCfg = Release|Any CPU
		{FF668C99-BE2F-4B05-8B0C-DCED91C2F391}.Release|Any CPU.Build.0 = Release|Any CPU
		{241D9CC8-7BF6-4B93-91CC-EF1D3C8C4F8F}.Debug|Any CPU.ActiveCfg = Debug|Any CPU
		{241D9CC8-7BF6-4B93-91CC-EF1D3C8C4F8F}.Debug|Any CPU.Build.0 = Debug|Any CPU
		{241D9CC8-7BF6-4B93-91CC-EF1D3C8C4F8F}.Release|Any CPU.ActiveCfg = Release|Any CPU
		{241D9CC8-7BF6-4B93-91CC-EF1D3C8C4F8F}.Release|Any CPU.Build.0 = Release|Any CPU
		{DB01A4B9-FA64-4BEC-ACEB-C931F5ACBF4E}.Debug|Any CPU.ActiveCfg = Debug|Any CPU
		{DB01A4B9-FA64-4BEC-ACEB-C931F5ACBF4E}.Debug|Any CPU.Build.0 = Debug|Any CPU
		{DB01A4B9-FA64-4BEC-ACEB-C931F5ACBF4E}.Release|Any CPU.ActiveCfg = Release|Any CPU
		{DB01A4B9-FA64-4BEC-ACEB-C931F5ACBF4E}.Release|Any CPU.Build.0 = Release|Any CPU
		{C85FD58D-7893-478E-808E-3118B6C50CA2}.Debug|Any CPU.ActiveCfg = Debug|Any CPU
		{C85FD58D-7893-478E-808E-3118B6C50CA2}.Debug|Any CPU.Build.0 = Debug|Any CPU
		{C85FD58D-7893-478E-808E-3118B6C50CA2}.Release|Any CPU.ActiveCfg = Release|Any CPU
		{C85FD58D-7893-478E-808E-3118B6C50CA2}.Release|Any CPU.Build.0 = Release|Any CPU
		{CC03CDC2-FE43-468F-B3E6-3D6285839E8D}.Debug|Any CPU.ActiveCfg = Debug|Any CPU
		{CC03CDC2-FE43-468F-B3E6-3D6285839E8D}.Debug|Any CPU.Build.0 = Debug|Any CPU
		{CC03CDC2-FE43-468F-B3E6-3D6285839E8D}.Release|Any CPU.ActiveCfg = Release|Any CPU
		{CC03CDC2-FE43-468F-B3E6-3D6285839E8D}.Release|Any CPU.Build.0 = Release|Any CPU
		{5BAE7C1E-EB4D-42B7-A410-5188DC7ADAB7}.Debug|Any CPU.ActiveCfg = Debug|Any CPU
		{5BAE7C1E-EB4D-42B7-A410-5188DC7ADAB7}.Debug|Any CPU.Build.0 = Debug|Any CPU
		{5BAE7C1E-EB4D-42B7-A410-5188DC7ADAB7}.Release|Any CPU.ActiveCfg = Release|Any CPU
		{5BAE7C1E-EB4D-42B7-A410-5188DC7ADAB7}.Release|Any CPU.Build.0 = Release|Any CPU
		{860B68F1-2066-495B-A2EE-8D271FA321E4}.Debug|Any CPU.ActiveCfg = Debug|Any CPU
		{860B68F1-2066-495B-A2EE-8D271FA321E4}.Debug|Any CPU.Build.0 = Debug|Any CPU
		{860B68F1-2066-495B-A2EE-8D271FA321E4}.Release|Any CPU.ActiveCfg = Release|Any CPU
		{860B68F1-2066-495B-A2EE-8D271FA321E4}.Release|Any CPU.Build.0 = Release|Any CPU
		{14735E29-9F0B-4ADB-9512-E4A6AB8929A3}.Debug|Any CPU.ActiveCfg = Debug|Any CPU
		{14735E29-9F0B-4ADB-9512-E4A6AB8929A3}.Debug|Any CPU.Build.0 = Debug|Any CPU
		{14735E29-9F0B-4ADB-9512-E4A6AB8929A3}.Release|Any CPU.ActiveCfg = Release|Any CPU
		{14735E29-9F0B-4ADB-9512-E4A6AB8929A3}.Release|Any CPU.Build.0 = Release|Any CPU
		{052B1E5E-9B0D-4DC3-BC54-DA897653608A}.Debug|Any CPU.ActiveCfg = Debug|Any CPU
		{052B1E5E-9B0D-4DC3-BC54-DA897653608A}.Debug|Any CPU.Build.0 = Debug|Any CPU
		{052B1E5E-9B0D-4DC3-BC54-DA897653608A}.Release|Any CPU.ActiveCfg = Release|Any CPU
		{052B1E5E-9B0D-4DC3-BC54-DA897653608A}.Release|Any CPU.Build.0 = Release|Any CPU
		{932E5E71-E787-479C-955C-606B3F21B6D3}.Debug|Any CPU.ActiveCfg = Debug|Any CPU
		{932E5E71-E787-479C-955C-606B3F21B6D3}.Debug|Any CPU.Build.0 = Debug|Any CPU
		{932E5E71-E787-479C-955C-606B3F21B6D3}.Release|Any CPU.ActiveCfg = Release|Any CPU
		{932E5E71-E787-479C-955C-606B3F21B6D3}.Release|Any CPU.Build.0 = Release|Any CPU
		{6A1CF779-FAC8-4FBB-9E9D-2AFD5BD132B6}.Debug|Any CPU.ActiveCfg = Debug|Any CPU
		{6A1CF779-FAC8-4FBB-9E9D-2AFD5BD132B6}.Debug|Any CPU.Build.0 = Debug|Any CPU
		{6A1CF779-FAC8-4FBB-9E9D-2AFD5BD132B6}.Release|Any CPU.ActiveCfg = Release|Any CPU
		{6A1CF779-FAC8-4FBB-9E9D-2AFD5BD132B6}.Release|Any CPU.Build.0 = Release|Any CPU
		{064C6759-F75D-4479-91FE-EBBA3336B057}.Debug|Any CPU.ActiveCfg = Debug|Any CPU
		{064C6759-F75D-4479-91FE-EBBA3336B057}.Debug|Any CPU.Build.0 = Debug|Any CPU
		{064C6759-F75D-4479-91FE-EBBA3336B057}.Release|Any CPU.ActiveCfg = Release|Any CPU
		{064C6759-F75D-4479-91FE-EBBA3336B057}.Release|Any CPU.Build.0 = Release|Any CPU
		{824275B1-7200-459D-9CEC-3479CECD087D}.Debug|Any CPU.ActiveCfg = Debug|Any CPU
		{824275B1-7200-459D-9CEC-3479CECD087D}.Debug|Any CPU.Build.0 = Debug|Any CPU
		{824275B1-7200-459D-9CEC-3479CECD087D}.Release|Any CPU.ActiveCfg = Release|Any CPU
		{824275B1-7200-459D-9CEC-3479CECD087D}.Release|Any CPU.Build.0 = Release|Any CPU
		{DBB1595B-22BC-4606-96E1-C26549B41484}.Debug|Any CPU.ActiveCfg = Debug|Any CPU
		{DBB1595B-22BC-4606-96E1-C26549B41484}.Debug|Any CPU.Build.0 = Debug|Any CPU
		{DBB1595B-22BC-4606-96E1-C26549B41484}.Release|Any CPU.ActiveCfg = Release|Any CPU
		{DBB1595B-22BC-4606-96E1-C26549B41484}.Release|Any CPU.Build.0 = Release|Any CPU
		{32928D4F-7522-4A55-99B8-FE640FBA565C}.Debug|Any CPU.ActiveCfg = Debug|Any CPU
		{32928D4F-7522-4A55-99B8-FE640FBA565C}.Debug|Any CPU.Build.0 = Debug|Any CPU
		{32928D4F-7522-4A55-99B8-FE640FBA565C}.Release|Any CPU.ActiveCfg = Release|Any CPU
		{32928D4F-7522-4A55-99B8-FE640FBA565C}.Release|Any CPU.Build.0 = Release|Any CPU
		{D38066F7-94FC-497A-9434-74372E308041}.Debug|Any CPU.ActiveCfg = Debug|Any CPU
		{D38066F7-94FC-497A-9434-74372E308041}.Debug|Any CPU.Build.0 = Debug|Any CPU
		{D38066F7-94FC-497A-9434-74372E308041}.Release|Any CPU.ActiveCfg = Release|Any CPU
		{D38066F7-94FC-497A-9434-74372E308041}.Release|Any CPU.Build.0 = Release|Any CPU
		{C252A89F-3EA8-433F-BBA9-7B1A088DBDB7}.Debug|Any CPU.ActiveCfg = Debug|Any CPU
		{C252A89F-3EA8-433F-BBA9-7B1A088DBDB7}.Debug|Any CPU.Build.0 = Debug|Any CPU
		{C252A89F-3EA8-433F-BBA9-7B1A088DBDB7}.Release|Any CPU.ActiveCfg = Release|Any CPU
		{C252A89F-3EA8-433F-BBA9-7B1A088DBDB7}.Release|Any CPU.Build.0 = Release|Any CPU
		{C70F3E2B-437E-4FF6-B46C-D30104F55C44}.Debug|Any CPU.ActiveCfg = Debug|Any CPU
		{C70F3E2B-437E-4FF6-B46C-D30104F55C44}.Debug|Any CPU.Build.0 = Debug|Any CPU
		{C70F3E2B-437E-4FF6-B46C-D30104F55C44}.Release|Any CPU.ActiveCfg = Release|Any CPU
		{C70F3E2B-437E-4FF6-B46C-D30104F55C44}.Release|Any CPU.Build.0 = Release|Any CPU
		{0B6A1F8B-56D2-4648-81F7-B4BF3558ED09}.Debug|Any CPU.ActiveCfg = Debug|Any CPU
		{0B6A1F8B-56D2-4648-81F7-B4BF3558ED09}.Debug|Any CPU.Build.0 = Debug|Any CPU
		{0B6A1F8B-56D2-4648-81F7-B4BF3558ED09}.Release|Any CPU.ActiveCfg = Release|Any CPU
		{0B6A1F8B-56D2-4648-81F7-B4BF3558ED09}.Release|Any CPU.Build.0 = Release|Any CPU
		{9D844ABC-2750-4F61-95D8-D07B11F5C273}.Debug|Any CPU.ActiveCfg = Debug|Any CPU
		{9D844ABC-2750-4F61-95D8-D07B11F5C273}.Debug|Any CPU.Build.0 = Debug|Any CPU
		{9D844ABC-2750-4F61-95D8-D07B11F5C273}.Release|Any CPU.ActiveCfg = Release|Any CPU
		{9D844ABC-2750-4F61-95D8-D07B11F5C273}.Release|Any CPU.Build.0 = Release|Any CPU
		{22CDAAC3-9C55-424C-B30A-C9B39739B878}.Debug|Any CPU.ActiveCfg = Debug|Any CPU
		{22CDAAC3-9C55-424C-B30A-C9B39739B878}.Debug|Any CPU.Build.0 = Debug|Any CPU
		{22CDAAC3-9C55-424C-B30A-C9B39739B878}.Release|Any CPU.ActiveCfg = Release|Any CPU
		{22CDAAC3-9C55-424C-B30A-C9B39739B878}.Release|Any CPU.Build.0 = Release|Any CPU
		{0DC802FF-EFCD-4C76-8ACC-7CC5CF9F2282}.Debug|Any CPU.ActiveCfg = Debug|Any CPU
		{0DC802FF-EFCD-4C76-8ACC-7CC5CF9F2282}.Debug|Any CPU.Build.0 = Debug|Any CPU
		{0DC802FF-EFCD-4C76-8ACC-7CC5CF9F2282}.Release|Any CPU.ActiveCfg = Release|Any CPU
		{0DC802FF-EFCD-4C76-8ACC-7CC5CF9F2282}.Release|Any CPU.Build.0 = Release|Any CPU
		{5635E24B-4BB6-4861-B81E-D05894D8BAD6}.Debug|Any CPU.ActiveCfg = Debug|Any CPU
		{5635E24B-4BB6-4861-B81E-D05894D8BAD6}.Debug|Any CPU.Build.0 = Debug|Any CPU
		{5635E24B-4BB6-4861-B81E-D05894D8BAD6}.Release|Any CPU.ActiveCfg = Release|Any CPU
		{5635E24B-4BB6-4861-B81E-D05894D8BAD6}.Release|Any CPU.Build.0 = Release|Any CPU
		{4D4A1F22-BE04-4EE7-A068-FF2E247E57CA}.Debug|Any CPU.ActiveCfg = Debug|Any CPU
		{4D4A1F22-BE04-4EE7-A068-FF2E247E57CA}.Debug|Any CPU.Build.0 = Debug|Any CPU
		{4D4A1F22-BE04-4EE7-A068-FF2E247E57CA}.Release|Any CPU.ActiveCfg = Release|Any CPU
		{4D4A1F22-BE04-4EE7-A068-FF2E247E57CA}.Release|Any CPU.Build.0 = Release|Any CPU
		{A53EA92D-9E31-436B-910A-D41E2C2DAB19}.Debug|Any CPU.ActiveCfg = Debug|Any CPU
		{A53EA92D-9E31-436B-910A-D41E2C2DAB19}.Debug|Any CPU.Build.0 = Debug|Any CPU
		{A53EA92D-9E31-436B-910A-D41E2C2DAB19}.Release|Any CPU.ActiveCfg = Release|Any CPU
		{A53EA92D-9E31-436B-910A-D41E2C2DAB19}.Release|Any CPU.Build.0 = Release|Any CPU
		{8325CDEC-1EA0-4290-BE2B-DD6CCD2130E2}.Debug|Any CPU.ActiveCfg = Debug|Any CPU
		{8325CDEC-1EA0-4290-BE2B-DD6CCD2130E2}.Debug|Any CPU.Build.0 = Debug|Any CPU
		{8325CDEC-1EA0-4290-BE2B-DD6CCD2130E2}.Release|Any CPU.ActiveCfg = Release|Any CPU
		{8325CDEC-1EA0-4290-BE2B-DD6CCD2130E2}.Release|Any CPU.Build.0 = Release|Any CPU
		{33C8E1C7-47CF-467B-AFB4-D534B297AD06}.Debug|Any CPU.ActiveCfg = Debug|Any CPU
		{33C8E1C7-47CF-467B-AFB4-D534B297AD06}.Debug|Any CPU.Build.0 = Debug|Any CPU
		{33C8E1C7-47CF-467B-AFB4-D534B297AD06}.Release|Any CPU.ActiveCfg = Release|Any CPU
		{33C8E1C7-47CF-467B-AFB4-D534B297AD06}.Release|Any CPU.Build.0 = Release|Any CPU
		{26569136-B94B-4A11-A3A0-15DFA33F1E55}.Debug|Any CPU.ActiveCfg = Debug|Any CPU
		{26569136-B94B-4A11-A3A0-15DFA33F1E55}.Debug|Any CPU.Build.0 = Debug|Any CPU
		{26569136-B94B-4A11-A3A0-15DFA33F1E55}.Release|Any CPU.ActiveCfg = Release|Any CPU
		{26569136-B94B-4A11-A3A0-15DFA33F1E55}.Release|Any CPU.Build.0 = Release|Any CPU
		{E78DA804-529D-4560-BCA1-BC82497229F1}.Debug|Any CPU.ActiveCfg = Debug|Any CPU
		{E78DA804-529D-4560-BCA1-BC82497229F1}.Debug|Any CPU.Build.0 = Debug|Any CPU
		{E78DA804-529D-4560-BCA1-BC82497229F1}.Release|Any CPU.ActiveCfg = Release|Any CPU
		{E78DA804-529D-4560-BCA1-BC82497229F1}.Release|Any CPU.Build.0 = Release|Any CPU
		{EAD6BC5D-E2AE-4024-B95B-B5BBDBCA4E16}.Debug|Any CPU.ActiveCfg = Debug|Any CPU
		{EAD6BC5D-E2AE-4024-B95B-B5BBDBCA4E16}.Debug|Any CPU.Build.0 = Debug|Any CPU
		{EAD6BC5D-E2AE-4024-B95B-B5BBDBCA4E16}.Release|Any CPU.ActiveCfg = Release|Any CPU
		{EAD6BC5D-E2AE-4024-B95B-B5BBDBCA4E16}.Release|Any CPU.Build.0 = Release|Any CPU
		{467B7233-0B6A-437E-8723-374A4938B374}.Debug|Any CPU.ActiveCfg = Debug|Any CPU
		{467B7233-0B6A-437E-8723-374A4938B374}.Debug|Any CPU.Build.0 = Debug|Any CPU
		{467B7233-0B6A-437E-8723-374A4938B374}.Release|Any CPU.ActiveCfg = Release|Any CPU
		{467B7233-0B6A-437E-8723-374A4938B374}.Release|Any CPU.Build.0 = Release|Any CPU
		{0ED6065F-095C-4B0F-8219-ABB103F6B0EA}.Debug|Any CPU.ActiveCfg = Debug|Any CPU
		{0ED6065F-095C-4B0F-8219-ABB103F6B0EA}.Debug|Any CPU.Build.0 = Debug|Any CPU
		{0ED6065F-095C-4B0F-8219-ABB103F6B0EA}.Release|Any CPU.ActiveCfg = Release|Any CPU
		{0ED6065F-095C-4B0F-8219-ABB103F6B0EA}.Release|Any CPU.Build.0 = Release|Any CPU
		{9C9BD9D1-2879-481A-B2EB-4325DB2D4302}.Debug|Any CPU.ActiveCfg = Debug|Any CPU
		{9C9BD9D1-2879-481A-B2EB-4325DB2D4302}.Debug|Any CPU.Build.0 = Debug|Any CPU
		{9C9BD9D1-2879-481A-B2EB-4325DB2D4302}.Release|Any CPU.ActiveCfg = Release|Any CPU
		{9C9BD9D1-2879-481A-B2EB-4325DB2D4302}.Release|Any CPU.Build.0 = Release|Any CPU
		{E3F35C73-EF5A-4B8F-986F-9E8172A56E9A}.Debug|Any CPU.ActiveCfg = Debug|Any CPU
		{E3F35C73-EF5A-4B8F-986F-9E8172A56E9A}.Debug|Any CPU.Build.0 = Debug|Any CPU
		{E3F35C73-EF5A-4B8F-986F-9E8172A56E9A}.Release|Any CPU.ActiveCfg = Release|Any CPU
		{E3F35C73-EF5A-4B8F-986F-9E8172A56E9A}.Release|Any CPU.Build.0 = Release|Any CPU
		{367A7D55-DA7E-40F8-85D0-A59681F140AE}.Debug|Any CPU.ActiveCfg = Debug|Any CPU
		{367A7D55-DA7E-40F8-85D0-A59681F140AE}.Debug|Any CPU.Build.0 = Debug|Any CPU
		{367A7D55-DA7E-40F8-85D0-A59681F140AE}.Release|Any CPU.ActiveCfg = Release|Any CPU
		{367A7D55-DA7E-40F8-85D0-A59681F140AE}.Release|Any CPU.Build.0 = Release|Any CPU
		{410258EE-E253-47B9-AB0A-17B65EBB1DD8}.Debug|Any CPU.ActiveCfg = Debug|Any CPU
		{410258EE-E253-47B9-AB0A-17B65EBB1DD8}.Debug|Any CPU.Build.0 = Debug|Any CPU
		{410258EE-E253-47B9-AB0A-17B65EBB1DD8}.Release|Any CPU.ActiveCfg = Release|Any CPU
		{410258EE-E253-47B9-AB0A-17B65EBB1DD8}.Release|Any CPU.Build.0 = Release|Any CPU
		{2ADE3487-EF4A-4823-9651-E406CFD91D9A}.Debug|Any CPU.ActiveCfg = Debug|Any CPU
		{2ADE3487-EF4A-4823-9651-E406CFD91D9A}.Debug|Any CPU.Build.0 = Debug|Any CPU
		{2ADE3487-EF4A-4823-9651-E406CFD91D9A}.Release|Any CPU.ActiveCfg = Release|Any CPU
		{2ADE3487-EF4A-4823-9651-E406CFD91D9A}.Release|Any CPU.Build.0 = Release|Any CPU
		{49A64C2D-C0A8-4528-A710-B3EACAEF9CF8}.Debug|Any CPU.ActiveCfg = Debug|Any CPU
		{49A64C2D-C0A8-4528-A710-B3EACAEF9CF8}.Debug|Any CPU.Build.0 = Debug|Any CPU
		{49A64C2D-C0A8-4528-A710-B3EACAEF9CF8}.Release|Any CPU.ActiveCfg = Release|Any CPU
		{49A64C2D-C0A8-4528-A710-B3EACAEF9CF8}.Release|Any CPU.Build.0 = Release|Any CPU
		{55037BB5-5F9A-4782-B649-5F1C1A7CCAAD}.Debug|Any CPU.ActiveCfg = Debug|Any CPU
		{55037BB5-5F9A-4782-B649-5F1C1A7CCAAD}.Debug|Any CPU.Build.0 = Debug|Any CPU
		{55037BB5-5F9A-4782-B649-5F1C1A7CCAAD}.Release|Any CPU.ActiveCfg = Release|Any CPU
		{55037BB5-5F9A-4782-B649-5F1C1A7CCAAD}.Release|Any CPU.Build.0 = Release|Any CPU
		{7454D52B-866C-4BA0-AB70-338D2CB3826B}.Debug|Any CPU.ActiveCfg = Debug|Any CPU
		{7454D52B-866C-4BA0-AB70-338D2CB3826B}.Debug|Any CPU.Build.0 = Debug|Any CPU
		{7454D52B-866C-4BA0-AB70-338D2CB3826B}.Release|Any CPU.ActiveCfg = Release|Any CPU
		{7454D52B-866C-4BA0-AB70-338D2CB3826B}.Release|Any CPU.Build.0 = Release|Any CPU
		{EA4747C6-1F09-44D4-A669-961AB2570FAD}.Debug|Any CPU.ActiveCfg = Debug|Any CPU
		{EA4747C6-1F09-44D4-A669-961AB2570FAD}.Debug|Any CPU.Build.0 = Debug|Any CPU
		{EA4747C6-1F09-44D4-A669-961AB2570FAD}.Release|Any CPU.ActiveCfg = Release|Any CPU
		{EA4747C6-1F09-44D4-A669-961AB2570FAD}.Release|Any CPU.Build.0 = Release|Any CPU
		{B0A1AB6C-F7F4-4BCF-811E-F5B47BE9B534}.Debug|Any CPU.ActiveCfg = Debug|Any CPU
		{B0A1AB6C-F7F4-4BCF-811E-F5B47BE9B534}.Debug|Any CPU.Build.0 = Debug|Any CPU
		{B0A1AB6C-F7F4-4BCF-811E-F5B47BE9B534}.Release|Any CPU.ActiveCfg = Release|Any CPU
		{B0A1AB6C-F7F4-4BCF-811E-F5B47BE9B534}.Release|Any CPU.Build.0 = Release|Any CPU
		{F5B92DDC-D4DC-4C17-81C0-5DEAA47A47DC}.Debug|Any CPU.ActiveCfg = Debug|Any CPU
		{F5B92DDC-D4DC-4C17-81C0-5DEAA47A47DC}.Debug|Any CPU.Build.0 = Debug|Any CPU
		{F5B92DDC-D4DC-4C17-81C0-5DEAA47A47DC}.Release|Any CPU.ActiveCfg = Release|Any CPU
		{F5B92DDC-D4DC-4C17-81C0-5DEAA47A47DC}.Release|Any CPU.Build.0 = Release|Any CPU
		{3AB00A97-B9A7-4596-8AF8-0E40F19E0E26}.Debug|Any CPU.ActiveCfg = Debug|Any CPU
		{3AB00A97-B9A7-4596-8AF8-0E40F19E0E26}.Debug|Any CPU.Build.0 = Debug|Any CPU
		{3AB00A97-B9A7-4596-8AF8-0E40F19E0E26}.Release|Any CPU.ActiveCfg = Release|Any CPU
		{3AB00A97-B9A7-4596-8AF8-0E40F19E0E26}.Release|Any CPU.Build.0 = Release|Any CPU
		{C5F58018-816B-4A80-9713-DD097063CAC1}.Debug|Any CPU.ActiveCfg = Debug|Any CPU
		{C5F58018-816B-4A80-9713-DD097063CAC1}.Debug|Any CPU.Build.0 = Debug|Any CPU
		{C5F58018-816B-4A80-9713-DD097063CAC1}.Release|Any CPU.ActiveCfg = Release|Any CPU
		{C5F58018-816B-4A80-9713-DD097063CAC1}.Release|Any CPU.Build.0 = Release|Any CPU
	EndGlobalSection
	GlobalSection(SolutionProperties) = preSolution
		HideSolutionNode = FALSE
	EndGlobalSection
	GlobalSection(ExtensibilityGlobals) = postSolution
		SolutionGuid = {9F3B895B-9943-4757-BFCA-CBD15630CE16}
	EndGlobalSection
EndGlobal
